
Microsoft Visual Studio Solution File, Format Version 12.00
# Visual Studio Version 17
VisualStudioVersion = 17.1.32210.238
MinimumVisualStudioVersion = 10.0.40219.1
Project("{FAE04EC0-301F-11D3-BF4B-00C04F79EFBC}") = "Diamante.ConsoleApp", "Diamante.ConsoleApp\Diamante.ConsoleApp.csproj", "{3C785ACD-0F50-4F9A-8AB5-AAFC42A053AA}"
EndProject
Global
	GlobalSection(SolutionConfigurationPlatforms) = preSolution
		Debug|Any CPU = Debug|Any CPU
		Release|Any CPU = Release|Any CPU
	EndGlobalSection
	GlobalSection(ProjectConfigurationPlatforms) = postSolution
		{3C785ACD-0F50-4F9A-8AB5-AAFC42A053AA}.Debug|Any CPU.ActiveCfg = Debug|Any CPU
		{3C785ACD-0F50-4F9A-8AB5-AAFC42A053AA}.Debug|Any CPU.Build.0 = Debug|Any CPU
		{3C785ACD-0F50-4F9A-8AB5-AAFC42A053AA}.Release|Any CPU.ActiveCfg = Release|Any CPU
		{3C785ACD-0F50-4F9A-8AB5-AAFC42A053AA}.Release|Any CPU.Build.0 = Release|Any CPU
	EndGlobalSection
	GlobalSection(SolutionProperties) = preSolution
		HideSolutionNode = FALSE
	EndGlobalSection
	GlobalSection(ExtensibilityGlobals) = postSolution
		SolutionGuid = {71924B8A-07C7-45F5-A385-9570F30BEB97}
	EndGlobalSection
EndGlobal
